
Microsoft Visual Studio Solution File, Format Version 12.00
# Visual Studio 15
VisualStudioVersion = 15.0.28307.1500
MinimumVisualStudioVersion = 10.0.40219.1
Project("{FAE04EC0-301F-11D3-BF4B-00C04F79EFBC}") = "ButterWorth_Filter", "ButterWorth_Filter\ButterWorth_Filter.csproj", "{B1A0BD72-F748-4DD4-9939-47CB3531D55C}"
EndProject
Global
	GlobalSection(SolutionConfigurationPlatforms) = preSolution
		Debug|Any CPU = Debug|Any CPU
		Release|Any CPU = Release|Any CPU
	EndGlobalSection
	GlobalSection(ProjectConfigurationPlatforms) = postSolution
		{B1A0BD72-F748-4DD4-9939-47CB3531D55C}.Debug|Any CPU.ActiveCfg = Debug|Any CPU
		{B1A0BD72-F748-4DD4-9939-47CB3531D55C}.Debug|Any CPU.Build.0 = Debug|Any CPU
		{B1A0BD72-F748-4DD4-9939-47CB3531D55C}.Release|Any CPU.ActiveCfg = Release|Any CPU
		{B1A0BD72-F748-4DD4-9939-47CB3531D55C}.Release|Any CPU.Build.0 = Release|Any CPU
	EndGlobalSection
	GlobalSection(SolutionProperties) = preSolution
		HideSolutionNode = FALSE
	EndGlobalSection
	GlobalSection(ExtensibilityGlobals) = postSolution
		SolutionGuid = {ECB86A7F-E2FE-4D57-B2E7-960D28641506}
	EndGlobalSection
EndGlobal
